
Microsoft Visual Studio Solution File, Format Version 12.00
# Visual Studio Version 16
VisualStudioVersion = 16.0.29409.12
MinimumVisualStudioVersion = 10.0.40219.1
Project("{FAE04EC0-301F-11D3-BF4B-00C04F79EFBC}") = "inter_week6_HW", "inter_week6_HW\inter_week6_HW.csproj", "{06FB1ABE-A083-45C8-ACB1-8FA06AA05273}"
EndProject
Global
	GlobalSection(SolutionConfigurationPlatforms) = preSolution
		Debug|Any CPU = Debug|Any CPU
		Release|Any CPU = Release|Any CPU
	EndGlobalSection
	GlobalSection(ProjectConfigurationPlatforms) = postSolution
		{06FB1ABE-A083-45C8-ACB1-8FA06AA05273}.Debug|Any CPU.ActiveCfg = Debug|Any CPU
		{06FB1ABE-A083-45C8-ACB1-8FA06AA05273}.Debug|Any CPU.Build.0 = Debug|Any CPU
		{06FB1ABE-A083-45C8-ACB1-8FA06AA05273}.Release|Any CPU.ActiveCfg = Release|Any CPU
		{06FB1ABE-A083-45C8-ACB1-8FA06AA05273}.Release|Any CPU.Build.0 = Release|Any CPU
	EndGlobalSection
	GlobalSection(SolutionProperties) = preSolution
		HideSolutionNode = FALSE
	EndGlobalSection
	GlobalSection(ExtensibilityGlobals) = postSolution
		SolutionGuid = {FC61C45F-798C-4A7E-8DB0-7FFAD936DB14}
	EndGlobalSection
EndGlobal
